// !$*UTF8*$!
{
	archiveVersion = 1;
	classes = {
	};
	objectVersion = 48;
	objects = {

/* Begin PBXBuildFile section */
		0E1E56DB20229A3D002921E0 /* LoginViewController.m in Sources */ = {isa = PBXBuildFile; fileRef = 0E1E56D820229A3D002921E0 /* LoginViewController.m */; };
		0E1E56DC20229A3D002921E0 /* LoginView.m in Sources */ = {isa = PBXBuildFile; fileRef = 0E1E56D920229A3D002921E0 /* LoginView.m */; };
		0E55CA84201C965200DF553D /* BCPView.m in Sources */ = {isa = PBXBuildFile; fileRef = 0E55CA83201C965200DF553D /* BCPView.m */; };
		0EB61BFB201E9DE5003B2562 /* RootViewController.m in Sources */ = {isa = PBXBuildFile; fileRef = 0EB61BFA201E9DE5003B2562 /* RootViewController.m */; };
		0EBD36922013A93B006DBA2E /* BCPLayoutConsts.m in Sources */ = {isa = PBXBuildFile; fileRef = 0EBD36912013A93B006DBA2E /* BCPLayoutConsts.m */; };
		0EBD36962013B4B1006DBA2E /* NetworkUtil.m in Sources */ = {isa = PBXBuildFile; fileRef = 0EBD36952013B4B1006DBA2E /* NetworkUtil.m */; };
		0EBD369A201455DB006DBA2E /* NetworkUtil+Get.m in Sources */ = {isa = PBXBuildFile; fileRef = 0EBD3699201455DB006DBA2E /* NetworkUtil+Get.m */; };
		0EBD369D201455E5006DBA2E /* NetworkUtil+Post.m in Sources */ = {isa = PBXBuildFile; fileRef = 0EBD369C201455E5006DBA2E /* NetworkUtil+Post.m */; };
		0EBD36A22014B51A006DBA2E /* BCPCookieManager.m in Sources */ = {isa = PBXBuildFile; fileRef = 0EBD36A12014B51A006DBA2E /* BCPCookieManager.m */; };
		0EBD36A52014BAD9006DBA2E /* BCPFrameworkConsts.m in Sources */ = {isa = PBXBuildFile; fileRef = 0EBD36A42014BAD9006DBA2E /* BCPFrameworkConsts.m */; };
		0ECD19D72018E61D00F76047 /* BCPNavigationController.m in Sources */ = {isa = PBXBuildFile; fileRef = 0ECD19D62018E61D00F76047 /* BCPNavigationController.m */; };
		0ECD19DB2018EAA800F76047 /* BCPTabBarController.m in Sources */ = {isa = PBXBuildFile; fileRef = 0ECD19DA2018EAA800F76047 /* BCPTabBarController.m */; };
		0ED820342007CA69004ED800 /* AppDelegate.m in Sources */ = {isa = PBXBuildFile; fileRef = 0ED820332007CA69004ED800 /* AppDelegate.m */; };
		0ED8203A2007CA69004ED800 /* Main.storyboard in Resources */ = {isa = PBXBuildFile; fileRef = 0ED820382007CA69004ED800 /* Main.storyboard */; };
		0ED8203C2007CA69004ED800 /* Assets.xcassets in Resources */ = {isa = PBXBuildFile; fileRef = 0ED8203B2007CA69004ED800 /* Assets.xcassets */; };
		0ED8203F2007CA69004ED800 /* LaunchScreen.storyboard in Resources */ = {isa = PBXBuildFile; fileRef = 0ED8203D2007CA69004ED800 /* LaunchScreen.storyboard */; };
		0ED820422007CA69004ED800 /* main.m in Sources */ = {isa = PBXBuildFile; fileRef = 0ED820412007CA69004ED800 /* main.m */; };
		0EF00F72201799AF00B6000A /* UIButton+Add.m in Sources */ = {isa = PBXBuildFile; fileRef = 0EF00F6B201799AF00B6000A /* UIButton+Add.m */; };
		0EF00F73201799AF00B6000A /* BCPViewController.m in Sources */ = {isa = PBXBuildFile; fileRef = 0EF00F6F201799AF00B6000A /* BCPViewController.m */; };
		0EF00F74201799AF00B6000A /* UIViewController+BCPInitUI.m in Sources */ = {isa = PBXBuildFile; fileRef = 0EF00F70201799AF00B6000A /* UIViewController+BCPInitUI.m */; };
		0EF00F77201799CD00B6000A /* NSString+append.m in Sources */ = {isa = PBXBuildFile; fileRef = 0EF00F76201799CD00B6000A /* NSString+append.m */; };
		AC91E37278756C1C16BAB4B0 /* libPods-Bigcake.a in Frameworks */ = {isa = PBXBuildFile; fileRef = FC050810F058F2F03B4A64E9 /* libPods-Bigcake.a */; };
/* End PBXBuildFile section */

/* Begin PBXFileReference section */
		0E1E56D720229A3D002921E0 /* LoginView.h */ = {isa = PBXFileReference; fileEncoding = 4; lastKnownFileType = sourcecode.c.h; path = LoginView.h; sourceTree = "<group>"; };
		0E1E56D820229A3D002921E0 /* LoginViewController.m */ = {isa = PBXFileReference; fileEncoding = 4; lastKnownFileType = sourcecode.c.objc; path = LoginViewController.m; sourceTree = "<group>"; };
		0E1E56D920229A3D002921E0 /* LoginView.m */ = {isa = PBXFileReference; fileEncoding = 4; lastKnownFileType = sourcecode.c.objc; path = LoginView.m; sourceTree = "<group>"; };
		0E1E56DA20229A3D002921E0 /* LoginViewController.h */ = {isa = PBXFileReference; fileEncoding = 4; lastKnownFileType = sourcecode.c.h; path = LoginViewController.h; sourceTree = "<group>"; };
		0E55CA82201C965200DF553D /* BCPView.h */ = {isa = PBXFileReference; lastKnownFileType = sourcecode.c.h; path = BCPView.h; sourceTree = "<group>"; };
		0E55CA83201C965200DF553D /* BCPView.m */ = {isa = PBXFileReference; lastKnownFileType = sourcecode.c.objc; path = BCPView.m; sourceTree = "<group>"; };
		0EB61BF9201E9DE5003B2562 /* RootViewController.h */ = {isa = PBXFileReference; lastKnownFileType = sourcecode.c.h; path = RootViewController.h; sourceTree = "<group>"; };
		0EB61BFA201E9DE5003B2562 /* RootViewController.m */ = {isa = PBXFileReference; lastKnownFileType = sourcecode.c.objc; path = RootViewController.m; sourceTree = "<group>"; };
		0EBD36902013A715006DBA2E /* BCPLayoutConsts.h */ = {isa = PBXFileReference; lastKnownFileType = sourcecode.c.h; path = BCPLayoutConsts.h; sourceTree = "<group>"; };
		0EBD36912013A93B006DBA2E /* BCPLayoutConsts.m */ = {isa = PBXFileReference; lastKnownFileType = sourcecode.c.objc; path = BCPLayoutConsts.m; sourceTree = "<group>"; };
		0EBD36942013B4B1006DBA2E /* NetworkUtil.h */ = {isa = PBXFileReference; lastKnownFileType = sourcecode.c.h; path = NetworkUtil.h; sourceTree = "<group>"; };
		0EBD36952013B4B1006DBA2E /* NetworkUtil.m */ = {isa = PBXFileReference; lastKnownFileType = sourcecode.c.objc; path = NetworkUtil.m; sourceTree = "<group>"; };
		0EBD3698201455DA006DBA2E /* NetworkUtil+Get.h */ = {isa = PBXFileReference; lastKnownFileType = sourcecode.c.h; path = "NetworkUtil+Get.h"; sourceTree = "<group>"; };
		0EBD3699201455DB006DBA2E /* NetworkUtil+Get.m */ = {isa = PBXFileReference; lastKnownFileType = sourcecode.c.objc; path = "NetworkUtil+Get.m"; sourceTree = "<group>"; };
		0EBD369B201455E5006DBA2E /* NetworkUtil+Post.h */ = {isa = PBXFileReference; lastKnownFileType = sourcecode.c.h; path = "NetworkUtil+Post.h"; sourceTree = "<group>"; };
		0EBD369C201455E5006DBA2E /* NetworkUtil+Post.m */ = {isa = PBXFileReference; lastKnownFileType = sourcecode.c.objc; path = "NetworkUtil+Post.m"; sourceTree = "<group>"; };
		0EBD369F2014B24E006DBA2E /* BCPNetworkConst.h */ = {isa = PBXFileReference; lastKnownFileType = sourcecode.c.h; path = BCPNetworkConst.h; sourceTree = "<group>"; };
		0EBD36A02014B51A006DBA2E /* BCPCookieManager.h */ = {isa = PBXFileReference; lastKnownFileType = sourcecode.c.h; path = BCPCookieManager.h; sourceTree = "<group>"; };
		0EBD36A12014B51A006DBA2E /* BCPCookieManager.m */ = {isa = PBXFileReference; lastKnownFileType = sourcecode.c.objc; path = BCPCookieManager.m; sourceTree = "<group>"; };
		0EBD36A32014BAC1006DBA2E /* BCPFrameworkConsts.h */ = {isa = PBXFileReference; lastKnownFileType = sourcecode.c.h; path = BCPFrameworkConsts.h; sourceTree = "<group>"; };
		0EBD36A42014BAD9006DBA2E /* BCPFrameworkConsts.m */ = {isa = PBXFileReference; lastKnownFileType = sourcecode.c.objc; path = BCPFrameworkConsts.m; sourceTree = "<group>"; };
		0ECD19D52018E61D00F76047 /* BCPNavigationController.h */ = {isa = PBXFileReference; lastKnownFileType = sourcecode.c.h; path = BCPNavigationController.h; sourceTree = "<group>"; };
		0ECD19D62018E61D00F76047 /* BCPNavigationController.m */ = {isa = PBXFileReference; lastKnownFileType = sourcecode.c.objc; path = BCPNavigationController.m; sourceTree = "<group>"; };
		0ECD19D92018EAA800F76047 /* BCPTabBarController.h */ = {isa = PBXFileReference; lastKnownFileType = sourcecode.c.h; path = BCPTabBarController.h; sourceTree = "<group>"; };
		0ECD19DA2018EAA800F76047 /* BCPTabBarController.m */ = {isa = PBXFileReference; lastKnownFileType = sourcecode.c.objc; path = BCPTabBarController.m; sourceTree = "<group>"; };
		0ED8202F2007CA69004ED800 /* Bigcake.app */ = {isa = PBXFileReference; explicitFileType = wrapper.application; includeInIndex = 0; path = Bigcake.app; sourceTree = BUILT_PRODUCTS_DIR; };
		0ED820322007CA69004ED800 /* AppDelegate.h */ = {isa = PBXFileReference; lastKnownFileType = sourcecode.c.h; path = AppDelegate.h; sourceTree = "<group>"; };
		0ED820332007CA69004ED800 /* AppDelegate.m */ = {isa = PBXFileReference; lastKnownFileType = sourcecode.c.objc; path = AppDelegate.m; sourceTree = "<group>"; };
		0ED820392007CA69004ED800 /* Base */ = {isa = PBXFileReference; lastKnownFileType = file.storyboard; name = Base; path = Base.lproj/Main.storyboard; sourceTree = "<group>"; };
		0ED8203B2007CA69004ED800 /* Assets.xcassets */ = {isa = PBXFileReference; lastKnownFileType = folder.assetcatalog; path = Assets.xcassets; sourceTree = "<group>"; };
		0ED8203E2007CA69004ED800 /* Base */ = {isa = PBXFileReference; lastKnownFileType = file.storyboard; name = Base; path = Base.lproj/LaunchScreen.storyboard; sourceTree = "<group>"; };
		0ED820402007CA69004ED800 /* Info.plist */ = {isa = PBXFileReference; lastKnownFileType = text.plist.xml; path = Info.plist; sourceTree = "<group>"; };
		0ED820412007CA69004ED800 /* main.m */ = {isa = PBXFileReference; lastKnownFileType = sourcecode.c.objc; path = main.m; sourceTree = "<group>"; };
		0EF00F6B201799AF00B6000A /* UIButton+Add.m */ = {isa = PBXFileReference; fileEncoding = 4; lastKnownFileType = sourcecode.c.objc; path = "UIButton+Add.m"; sourceTree = "<group>"; };
		0EF00F6C201799AF00B6000A /* UIButton+Add.h */ = {isa = PBXFileReference; fileEncoding = 4; lastKnownFileType = sourcecode.c.h; path = "UIButton+Add.h"; sourceTree = "<group>"; };
		0EF00F6E201799AF00B6000A /* UIViewController+BCPInitUI.h */ = {isa = PBXFileReference; fileEncoding = 4; lastKnownFileType = sourcecode.c.h; path = "UIViewController+BCPInitUI.h"; sourceTree = "<group>"; };
		0EF00F6F201799AF00B6000A /* BCPViewController.m */ = {isa = PBXFileReference; fileEncoding = 4; lastKnownFileType = sourcecode.c.objc; path = BCPViewController.m; sourceTree = "<group>"; };
		0EF00F70201799AF00B6000A /* UIViewController+BCPInitUI.m */ = {isa = PBXFileReference; fileEncoding = 4; lastKnownFileType = sourcecode.c.objc; path = "UIViewController+BCPInitUI.m"; sourceTree = "<group>"; };
		0EF00F71201799AF00B6000A /* BCPViewController.h */ = {isa = PBXFileReference; fileEncoding = 4; lastKnownFileType = sourcecode.c.h; path = BCPViewController.h; sourceTree = "<group>"; };
		0EF00F75201799CD00B6000A /* NSString+append.h */ = {isa = PBXFileReference; lastKnownFileType = sourcecode.c.h; path = "NSString+append.h"; sourceTree = "<group>"; };
		0EF00F76201799CD00B6000A /* NSString+append.m */ = {isa = PBXFileReference; lastKnownFileType = sourcecode.c.objc; path = "NSString+append.m"; sourceTree = "<group>"; };
		0EFE7F04201102F2000F337C /* PrefixHeader.pch */ = {isa = PBXFileReference; lastKnownFileType = sourcecode.c.h; path = PrefixHeader.pch; sourceTree = "<group>"; };
		4005FE8565E624BA8F7D92FC /* Pods-Bigcake.debug.xcconfig */ = {isa = PBXFileReference; includeInIndex = 1; lastKnownFileType = text.xcconfig; name = "Pods-Bigcake.debug.xcconfig"; path = "Pods/Target Support Files/Pods-Bigcake/Pods-Bigcake.debug.xcconfig"; sourceTree = "<group>"; };
		A61E0A2CE2211FA6EEA5144B /* Pods-Bigcake.release.xcconfig */ = {isa = PBXFileReference; includeInIndex = 1; lastKnownFileType = text.xcconfig; name = "Pods-Bigcake.release.xcconfig"; path = "Pods/Target Support Files/Pods-Bigcake/Pods-Bigcake.release.xcconfig"; sourceTree = "<group>"; };
		FC050810F058F2F03B4A64E9 /* libPods-Bigcake.a */ = {isa = PBXFileReference; explicitFileType = archive.ar; includeInIndex = 0; path = "libPods-Bigcake.a"; sourceTree = BUILT_PRODUCTS_DIR; };
/* End PBXFileReference section */

/* Begin PBXFrameworksBuildPhase section */
		0ED8202C2007CA69004ED800 /* Frameworks */ = {
			isa = PBXFrameworksBuildPhase;
			buildActionMask = 2147483647;
			files = (
				AC91E37278756C1C16BAB4B0 /* libPods-Bigcake.a in Frameworks */,
			);
			runOnlyForDeploymentPostprocessing = 0;
		};
/* End PBXFrameworksBuildPhase section */

/* Begin PBXGroup section */
		0E1E56D620229A3D002921E0 /* Login */ = {
			isa = PBXGroup;
			children = (
				0E1E56D720229A3D002921E0 /* LoginView.h */,
				0E1E56D820229A3D002921E0 /* LoginViewController.m */,
				0E1E56D920229A3D002921E0 /* LoginView.m */,
				0E1E56DA20229A3D002921E0 /* LoginViewController.h */,
			);
			path = Login;
			sourceTree = "<group>";
		};
		0E55CA81201C963600DF553D /* UIView */ = {
			isa = PBXGroup;
			children = (
				0E55CA82201C965200DF553D /* BCPView.h */,
				0E55CA83201C965200DF553D /* BCPView.m */,
			);
			path = UIView;
			sourceTree = "<group>";
		};
		0E55CA85201C96BD00DF553D /* Project */ = {
			isa = PBXGroup;
			children = (
				0EB61BF8201E9DA4003B2562 /* Root */,
				0E1E56D620229A3D002921E0 /* Login */,
			);
			path = Project;
			sourceTree = "<group>";
		};
		0EB61BF8201E9DA4003B2562 /* Root */ = {
			isa = PBXGroup;
			children = (
				0EB61BF9201E9DE5003B2562 /* RootViewController.h */,
				0EB61BFA201E9DE5003B2562 /* RootViewController.m */,
			);
			path = Root;
			sourceTree = "<group>";
		};
		0EBD368D2013A4CE006DBA2E /* Consts */ = {
			isa = PBXGroup;
			children = (
				0EBD36902013A715006DBA2E /* BCPLayoutConsts.h */,
				0EBD36912013A93B006DBA2E /* BCPLayoutConsts.m */,
				0EBD369F2014B24E006DBA2E /* BCPNetworkConst.h */,
				0EBD36A32014BAC1006DBA2E /* BCPFrameworkConsts.h */,
				0EBD36A42014BAD9006DBA2E /* BCPFrameworkConsts.m */,
			);
			path = Consts;
			sourceTree = "<group>";
		};
		0EBD36932013B322006DBA2E /* NetworkUtil */ = {
			isa = PBXGroup;
			children = (
				0EBD36942013B4B1006DBA2E /* NetworkUtil.h */,
				0EBD36952013B4B1006DBA2E /* NetworkUtil.m */,
				0EBD3698201455DA006DBA2E /* NetworkUtil+Get.h */,
				0EBD3699201455DB006DBA2E /* NetworkUtil+Get.m */,
				0EBD369B201455E5006DBA2E /* NetworkUtil+Post.h */,
				0EBD369C201455E5006DBA2E /* NetworkUtil+Post.m */,
				0EBD36A02014B51A006DBA2E /* BCPCookieManager.h */,
				0EBD36A12014B51A006DBA2E /* BCPCookieManager.m */,
			);
			path = NetworkUtil;
			sourceTree = "<group>";
		};
		0ECD19D42018E5B800F76047 /* UINavigationController */ = {
			isa = PBXGroup;
			children = (
				0ECD19D52018E61D00F76047 /* BCPNavigationController.h */,
				0ECD19D62018E61D00F76047 /* BCPNavigationController.m */,
			);
			path = UINavigationController;
			sourceTree = "<group>";
		};
		0ECD19D82018EA8C00F76047 /* UITabBarController */ = {
			isa = PBXGroup;
			children = (
				0ECD19D92018EAA800F76047 /* BCPTabBarController.h */,
				0ECD19DA2018EAA800F76047 /* BCPTabBarController.m */,
			);
			path = UITabBarController;
			sourceTree = "<group>";
		};
		0ED820262007CA69004ED800 = {
			isa = PBXGroup;
			children = (
				0ED820312007CA69004ED800 /* Bigcake */,
				0ED820302007CA69004ED800 /* Products */,
				7A3914DBBC5F80AF311F5F45 /* Pods */,
				E0747F9621064F94AFE2E901 /* Frameworks */,
			);
			sourceTree = "<group>";
		};
		0ED820302007CA69004ED800 /* Products */ = {
			isa = PBXGroup;
			children = (
				0ED8202F2007CA69004ED800 /* Bigcake.app */,
			);
			name = Products;
			sourceTree = "<group>";
		};
		0ED820312007CA69004ED800 /* Bigcake */ = {
			isa = PBXGroup;
			children = (
				0E55CA85201C96BD00DF553D /* Project */,
				0ED8204A2007CB66004ED800 /* Bigcake */,
				0ED820322007CA69004ED800 /* AppDelegate.h */,
				0ED820332007CA69004ED800 /* AppDelegate.m */,
				0ED820382007CA69004ED800 /* Main.storyboard */,
				0ED8203B2007CA69004ED800 /* Assets.xcassets */,
				0ED8203D2007CA69004ED800 /* LaunchScreen.storyboard */,
				0ED820402007CA69004ED800 /* Info.plist */,
				0ED820412007CA69004ED800 /* main.m */,
			);
			path = Bigcake;
			sourceTree = "<group>";
		};
		0ED8204A2007CB66004ED800 /* Bigcake */ = {
			isa = PBXGroup;
			children = (
				0EBD36932013B322006DBA2E /* NetworkUtil */,
				0EBD368D2013A4CE006DBA2E /* Consts */,
				0EF00F67201799AF00B6000A /* Foundation */,
				0EF00F69201799AF00B6000A /* UIKit */,
				0EFE7F04201102F2000F337C /* PrefixHeader.pch */,
			);
			path = Bigcake;
			sourceTree = "<group>";
		};
		0EF00F67201799AF00B6000A /* Foundation */ = {
			isa = PBXGroup;
			children = (
				0EF00F68201799AF00B6000A /* NSString */,
			);
			path = Foundation;
			sourceTree = "<group>";
		};
		0EF00F68201799AF00B6000A /* NSString */ = {
			isa = PBXGroup;
			children = (
				0EF00F75201799CD00B6000A /* NSString+append.h */,
				0EF00F76201799CD00B6000A /* NSString+append.m */,
			);
			path = NSString;
			sourceTree = "<group>";
		};
		0EF00F69201799AF00B6000A /* UIKit */ = {
			isa = PBXGroup;
			children = (
				0E55CA81201C963600DF553D /* UIView */,
				0EF00F6A201799AF00B6000A /* UIButton */,
				0EF00F6D201799AF00B6000A /* UIViewController */,
				0ECD19D42018E5B800F76047 /* UINavigationController */,
				0ECD19D82018EA8C00F76047 /* UITabBarController */,
			);
			path = UIKit;
			sourceTree = "<group>";
		};
		0EF00F6A201799AF00B6000A /* UIButton */ = {
			isa = PBXGroup;
			children = (
				0EF00F6C201799AF00B6000A /* UIButton+Add.h */,
				0EF00F6B201799AF00B6000A /* UIButton+Add.m */,
			);
			path = UIButton;
			sourceTree = "<group>";
		};
		0EF00F6D201799AF00B6000A /* UIViewController */ = {
			isa = PBXGroup;
			children = (
				0EF00F6E201799AF00B6000A /* UIViewController+BCPInitUI.h */,
				0EF00F70201799AF00B6000A /* UIViewController+BCPInitUI.m */,
				0EF00F71201799AF00B6000A /* BCPViewController.h */,
				0EF00F6F201799AF00B6000A /* BCPViewController.m */,
			);
			path = UIViewController;
			sourceTree = "<group>";
		};
		7A3914DBBC5F80AF311F5F45 /* Pods */ = {
			isa = PBXGroup;
			children = (
				4005FE8565E624BA8F7D92FC /* Pods-Bigcake.debug.xcconfig */,
				A61E0A2CE2211FA6EEA5144B /* Pods-Bigcake.release.xcconfig */,
			);
			name = Pods;
			sourceTree = "<group>";
		};
		E0747F9621064F94AFE2E901 /* Frameworks */ = {
			isa = PBXGroup;
			children = (
				FC050810F058F2F03B4A64E9 /* libPods-Bigcake.a */,
			);
			name = Frameworks;
			sourceTree = "<group>";
		};
/* End PBXGroup section */

/* Begin PBXNativeTarget section */
		0ED8202E2007CA69004ED800 /* Bigcake */ = {
			isa = PBXNativeTarget;
			buildConfigurationList = 0ED820452007CA69004ED800 /* Build configuration list for PBXNativeTarget "Bigcake" */;
			buildPhases = (
				E3A998A5A3000E023CB5758C /* [CP] Check Pods Manifest.lock */,
				0ED8202B2007CA69004ED800 /* Sources */,
				0ED8202C2007CA69004ED800 /* Frameworks */,
				0ED8202D2007CA69004ED800 /* Resources */,
				46F7A9968405827D097E12F3 /* [CP] Embed Pods Frameworks */,
				4AC7C488CC437948C3F9C199 /* [CP] Copy Pods Resources */,
			);
			buildRules = (
			);
			dependencies = (
			);
			name = Bigcake;
			productName = Bigcake;
			productReference = 0ED8202F2007CA69004ED800 /* Bigcake.app */;
			productType = "com.apple.product-type.application";
		};
/* End PBXNativeTarget section */

/* Begin PBXProject section */
		0ED820272007CA69004ED800 /* Project object */ = {
			isa = PBXProject;
			attributes = {
				LastUpgradeCheck = 0920;
				ORGANIZATIONNAME = "武国斌";
				TargetAttributes = {
					0ED8202E2007CA69004ED800 = {
						CreatedOnToolsVersion = 9.2;
						ProvisioningStyle = Automatic;
					};
				};
			};
			buildConfigurationList = 0ED8202A2007CA69004ED800 /* Build configuration list for PBXProject "Bigcake" */;
			compatibilityVersion = "Xcode 8.0";
			developmentRegion = en;
			hasScannedForEncodings = 0;
			knownRegions = (
				en,
				Base,
			);
			mainGroup = 0ED820262007CA69004ED800;
			productRefGroup = 0ED820302007CA69004ED800 /* Products */;
			projectDirPath = "";
			projectRoot = "";
			targets = (
				0ED8202E2007CA69004ED800 /* Bigcake */,
			);
		};
/* End PBXProject section */

/* Begin PBXResourcesBuildPhase section */
		0ED8202D2007CA69004ED800 /* Resources */ = {
			isa = PBXResourcesBuildPhase;
			buildActionMask = 2147483647;
			files = (
				0ED8203F2007CA69004ED800 /* LaunchScreen.storyboard in Resources */,
				0ED8203C2007CA69004ED800 /* Assets.xcassets in Resources */,
				0ED8203A2007CA69004ED800 /* Main.storyboard in Resources */,
			);
			runOnlyForDeploymentPostprocessing = 0;
		};
/* End PBXResourcesBuildPhase section */

/* Begin PBXShellScriptBuildPhase section */
		46F7A9968405827D097E12F3 /* [CP] Embed Pods Frameworks */ = {
			isa = PBXShellScriptBuildPhase;
			buildActionMask = 2147483647;
			files = (
			);
			inputPaths = (
			);
			name = "[CP] Embed Pods Frameworks";
			outputPaths = (
			);
			runOnlyForDeploymentPostprocessing = 0;
			shellPath = /bin/sh;
			shellScript = "\"${SRCROOT}/Pods/Target Support Files/Pods-Bigcake/Pods-Bigcake-frameworks.sh\"\n";
			showEnvVarsInLog = 0;
		};
		4AC7C488CC437948C3F9C199 /* [CP] Copy Pods Resources */ = {
			isa = PBXShellScriptBuildPhase;
			buildActionMask = 2147483647;
			files = (
			);
			inputPaths = (
			);
			name = "[CP] Copy Pods Resources";
			outputPaths = (
			);
			runOnlyForDeploymentPostprocessing = 0;
			shellPath = /bin/sh;
			shellScript = "\"${SRCROOT}/Pods/Target Support Files/Pods-Bigcake/Pods-Bigcake-resources.sh\"\n";
			showEnvVarsInLog = 0;
		};
		E3A998A5A3000E023CB5758C /* [CP] Check Pods Manifest.lock */ = {
			isa = PBXShellScriptBuildPhase;
			buildActionMask = 2147483647;
			files = (
			);
			inputPaths = (
				"${PODS_PODFILE_DIR_PATH}/Podfile.lock",
				"${PODS_ROOT}/Manifest.lock",
			);
			name = "[CP] Check Pods Manifest.lock";
			outputPaths = (
				"$(DERIVED_FILE_DIR)/Pods-Bigcake-checkManifestLockResult.txt",
			);
			runOnlyForDeploymentPostprocessing = 0;
			shellPath = /bin/sh;
			shellScript = "diff \"${PODS_PODFILE_DIR_PATH}/Podfile.lock\" \"${PODS_ROOT}/Manifest.lock\" > /dev/null\nif [ $? != 0 ] ; then\n    # print error to STDERR\n    echo \"error: The sandbox is not in sync with the Podfile.lock. Run 'pod install' or update your CocoaPods installation.\" >&2\n    exit 1\nfi\n# This output is used by Xcode 'outputs' to avoid re-running this script phase.\necho \"SUCCESS\" > \"${SCRIPT_OUTPUT_FILE_0}\"\n";
			showEnvVarsInLog = 0;
		};
/* End PBXShellScriptBuildPhase section */

/* Begin PBXSourcesBuildPhase section */
		0ED8202B2007CA69004ED800 /* Sources */ = {
			isa = PBXSourcesBuildPhase;
			buildActionMask = 2147483647;
			files = (
				0EF00F77201799CD00B6000A /* NSString+append.m in Sources */,
				0ECD19D72018E61D00F76047 /* BCPNavigationController.m in Sources */,
				0EF00F73201799AF00B6000A /* BCPViewController.m in Sources */,
				0E55CA84201C965200DF553D /* BCPView.m in Sources */,
				0EBD36922013A93B006DBA2E /* BCPLayoutConsts.m in Sources */,
				0ECD19DB2018EAA800F76047 /* BCPTabBarController.m in Sources */,
				0ED820422007CA69004ED800 /* main.m in Sources */,
				0E1E56DB20229A3D002921E0 /* LoginViewController.m in Sources */,
				0EBD36A22014B51A006DBA2E /* BCPCookieManager.m in Sources */,
				0EBD369D201455E5006DBA2E /* NetworkUtil+Post.m in Sources */,
				0EF00F72201799AF00B6000A /* UIButton+Add.m in Sources */,
				0EBD36A52014BAD9006DBA2E /* BCPFrameworkConsts.m in Sources */,
				0E1E56DC20229A3D002921E0 /* LoginView.m in Sources */,
				0EBD36962013B4B1006DBA2E /* NetworkUtil.m in Sources */,
				0ED820342007CA69004ED800 /* AppDelegate.m in Sources */,
				0EB61BFB201E9DE5003B2562 /* RootViewController.m in Sources */,
				0EF00F74201799AF00B6000A /* UIViewController+BCPInitUI.m in Sources */,
				0EBD369A201455DB006DBA2E /* NetworkUtil+Get.m in Sources */,
			);
			runOnlyForDeploymentPostprocessing = 0;
		};
/* End PBXSourcesBuildPhase section */

/* Begin PBXVariantGroup section */
		0ED820382007CA69004ED800 /* Main.storyboard */ = {
			isa = PBXVariantGroup;
			children = (
				0ED820392007CA69004ED800 /* Base */,
			);
			name = Main.storyboard;
			sourceTree = "<group>";
		};
		0ED8203D2007CA69004ED800 /* LaunchScreen.storyboard */ = {
			isa = PBXVariantGroup;
			children = (
				0ED8203E2007CA69004ED800 /* Base */,
			);
			name = LaunchScreen.storyboard;
			sourceTree = "<group>";
		};
/* End PBXVariantGroup section */

/* Begin XCBuildConfiguration section */
		0ED820432007CA69004ED800 /* Debug */ = {
			isa = XCBuildConfiguration;
			buildSettings = {
				ALWAYS_SEARCH_USER_PATHS = NO;
				CLANG_ANALYZER_NONNULL = YES;
				CLANG_ANALYZER_NUMBER_OBJECT_CONVERSION = YES_AGGRESSIVE;
				CLANG_CXX_LANGUAGE_STANDARD = "gnu++14";
				CLANG_CXX_LIBRARY = "libc++";
				CLANG_ENABLE_MODULES = YES;
				CLANG_ENABLE_OBJC_ARC = YES;
				CLANG_WARN_BLOCK_CAPTURE_AUTORELEASING = YES;
				CLANG_WARN_BOOL_CONVERSION = YES;
				CLANG_WARN_COMMA = YES;
				CLANG_WARN_CONSTANT_CONVERSION = YES;
				CLANG_WARN_DIRECT_OBJC_ISA_USAGE = YES_ERROR;
				CLANG_WARN_DOCUMENTATION_COMMENTS = YES;
				CLANG_WARN_EMPTY_BODY = YES;
				CLANG_WARN_ENUM_CONVERSION = YES;
				CLANG_WARN_INFINITE_RECURSION = YES;
				CLANG_WARN_INT_CONVERSION = YES;
				CLANG_WARN_NON_LITERAL_NULL_CONVERSION = YES;
				CLANG_WARN_OBJC_LITERAL_CONVERSION = YES;
				CLANG_WARN_OBJC_ROOT_CLASS = YES_ERROR;
				CLANG_WARN_RANGE_LOOP_ANALYSIS = YES;
				CLANG_WARN_STRICT_PROTOTYPES = YES;
				CLANG_WARN_SUSPICIOUS_MOVE = YES;
				CLANG_WARN_UNGUARDED_AVAILABILITY = YES_AGGRESSIVE;
				CLANG_WARN_UNREACHABLE_CODE = YES;
				CLANG_WARN__DUPLICATE_METHOD_MATCH = YES;
				CODE_SIGN_IDENTITY = "iPhone Developer";
				COPY_PHASE_STRIP = NO;
				DEBUG_INFORMATION_FORMAT = dwarf;
				ENABLE_STRICT_OBJC_MSGSEND = YES;
				ENABLE_TESTABILITY = YES;
				GCC_C_LANGUAGE_STANDARD = gnu11;
				GCC_DYNAMIC_NO_PIC = NO;
				GCC_NO_COMMON_BLOCKS = YES;
				GCC_OPTIMIZATION_LEVEL = 0;
				GCC_PREPROCESSOR_DEFINITIONS = (
					"DEBUG=1",
					"$(inherited)",
				);
				GCC_WARN_64_TO_32_BIT_CONVERSION = YES;
				GCC_WARN_ABOUT_RETURN_TYPE = YES_ERROR;
				GCC_WARN_UNDECLARED_SELECTOR = YES;
				GCC_WARN_UNINITIALIZED_AUTOS = YES_AGGRESSIVE;
				GCC_WARN_UNUSED_FUNCTION = YES;
				GCC_WARN_UNUSED_VARIABLE = YES;
				IPHONEOS_DEPLOYMENT_TARGET = 11.2;
				MTL_ENABLE_DEBUG_INFO = YES;
				ONLY_ACTIVE_ARCH = YES;
				SDKROOT = iphoneos;
			};
			name = Debug;
		};
		0ED820442007CA69004ED800 /* Release */ = {
			isa = XCBuildConfiguration;
			buildSettings = {
				ALWAYS_SEARCH_USER_PATHS = NO;
				CLANG_ANALYZER_NONNULL = YES;
				CLANG_ANALYZER_NUMBER_OBJECT_CONVERSION = YES_AGGRESSIVE;
				CLANG_CXX_LANGUAGE_STANDARD = "gnu++14";
				CLANG_CXX_LIBRARY = "libc++";
				CLANG_ENABLE_MODULES = YES;
				CLANG_ENABLE_OBJC_ARC = YES;
				CLANG_WARN_BLOCK_CAPTURE_AUTORELEASING = YES;
				CLANG_WARN_BOOL_CONVERSION = YES;
				CLANG_WARN_COMMA = YES;
				CLANG_WARN_CONSTANT_CONVERSION = YES;
				CLANG_WARN_DIRECT_OBJC_ISA_USAGE = YES_ERROR;
				CLANG_WARN_DOCUMENTATION_COMMENTS = YES;
				CLANG_WARN_EMPTY_BODY = YES;
				CLANG_WARN_ENUM_CONVERSION = YES;
				CLANG_WARN_INFINITE_RECURSION = YES;
				CLANG_WARN_INT_CONVERSION = YES;
				CLANG_WARN_NON_LITERAL_NULL_CONVERSION = YES;
				CLANG_WARN_OBJC_LITERAL_CONVERSION = YES;
				CLANG_WARN_OBJC_ROOT_CLASS = YES_ERROR;
				CLANG_WARN_RANGE_LOOP_ANALYSIS = YES;
				CLANG_WARN_STRICT_PROTOTYPES = YES;
				CLANG_WARN_SUSPICIOUS_MOVE = YES;
				CLANG_WARN_UNGUARDED_AVAILABILITY = YES_AGGRESSIVE;
				CLANG_WARN_UNREACHABLE_CODE = YES;
				CLANG_WARN__DUPLICATE_METHOD_MATCH = YES;
				CODE_SIGN_IDENTITY = "iPhone Developer";
				COPY_PHASE_STRIP = NO;
				DEBUG_INFORMATION_FORMAT = "dwarf-with-dsym";
				ENABLE_NS_ASSERTIONS = NO;
				ENABLE_STRICT_OBJC_MSGSEND = YES;
				GCC_C_LANGUAGE_STANDARD = gnu11;
				GCC_NO_COMMON_BLOCKS = YES;
				GCC_WARN_64_TO_32_BIT_CONVERSION = YES;
				GCC_WARN_ABOUT_RETURN_TYPE = YES_ERROR;
				GCC_WARN_UNDECLARED_SELECTOR = YES;
				GCC_WARN_UNINITIALIZED_AUTOS = YES_AGGRESSIVE;
				GCC_WARN_UNUSED_FUNCTION = YES;
				GCC_WARN_UNUSED_VARIABLE = YES;
				IPHONEOS_DEPLOYMENT_TARGET = 11.2;
				MTL_ENABLE_DEBUG_INFO = NO;
				SDKROOT = iphoneos;
				VALIDATE_PRODUCT = YES;
			};
			name = Release;
		};
		0ED820462007CA69004ED800 /* Debug */ = {
			isa = XCBuildConfiguration;
			baseConfigurationReference = 4005FE8565E624BA8F7D92FC /* Pods-Bigcake.debug.xcconfig */;
			buildSettings = {
				ASSETCATALOG_COMPILER_APPICON_NAME = AppIcon;
				CODE_SIGN_STYLE = Automatic;
				DEVELOPMENT_TEAM = SPNH83SVEV;
				GCC_PRECOMPILE_PREFIX_HEADER = NO;
				GCC_PREFIX_HEADER = "$(SRCROOT)/Bigcake/Bigcake/PrefixHeader.pch";
				INFOPLIST_FILE = Bigcake/Info.plist;
				LD_RUNPATH_SEARCH_PATHS = "$(inherited) @executable_path/Frameworks";
				PRODUCT_BUNDLE_IDENTIFIER = xxx.bigcake.bigcake.Bigcake;
				PRODUCT_NAME = "$(TARGET_NAME)";
				TARGETED_DEVICE_FAMILY = 1;
			};
			name = Debug;
		};
		0ED820472007CA69004ED800 /* Release */ = {
			isa = XCBuildConfiguration;
			baseConfigurationReference = A61E0A2CE2211FA6EEA5144B /* Pods-Bigcake.release.xcconfig */;
			buildSettings = {
				ASSETCATALOG_COMPILER_APPICON_NAME = AppIcon;
				CODE_SIGN_STYLE = Automatic;
				DEVELOPMENT_TEAM = SPNH83SVEV;
				GCC_PRECOMPILE_PREFIX_HEADER = NO;
				GCC_PREFIX_HEADER = "$(SRCROOT)/Bigcake/Bigcake/PrefixHeader.pch";
				INFOPLIST_FILE = Bigcake/Info.plist;
				LD_RUNPATH_SEARCH_PATHS = "$(inherited) @executable_path/Frameworks";
				PRODUCT_BUNDLE_IDENTIFIER = xxx.bigcake.bigcake.Bigcake;
				PRODUCT_NAME = "$(TARGET_NAME)";
				TARGETED_DEVICE_FAMILY = 1;
			};
			name = Release;
		};
/* End XCBuildConfiguration section */

/* Begin XCConfigurationList section */
		0ED8202A2007CA69004ED800 /* Build configuration list for PBXProject "Bigcake" */ = {
			isa = XCConfigurationList;
			buildConfigurations = (
				0ED820432007CA69004ED800 /* Debug */,
				0ED820442007CA69004ED800 /* Release */,
			);
			defaultConfigurationIsVisible = 0;
			defaultConfigurationName = Release;
		};
		0ED820452007CA69004ED800 /* Build configuration list for PBXNativeTarget "Bigcake" */ = {
			isa = XCConfigurationList;
			buildConfigurations = (
				0ED820462007CA69004ED800 /* Debug */,
				0ED820472007CA69004ED800 /* Release */,
			);
			defaultConfigurationIsVisible = 0;
			defaultConfigurationName = Release;
		};
/* End XCConfigurationList section */
	};
	rootObject = 0ED820272007CA69004ED800 /* Project object */;
}
